
Microsoft Visual Studio Solution File, Format Version 12.00
# Visual Studio Version 17
VisualStudioVersion = 17.10.35027.167
MinimumVisualStudioVersion = 10.0.40219.1
Project("{9A19103F-16F7-4668-BE54-9A1E7A4F7556}") = "VsRemoteWinFs", "VsRemoteWinFs\VsRemoteWinFs.csproj", "{620144CE-2D59-4951-B500-238E07941891}"
EndProject
Project("{9A19103F-16F7-4668-BE54-9A1E7A4F7556}") = "VsRemoteWinFsClient", "VsRemoteWinFsClient\VsRemoteWinFsClient.csproj", "{6A71EC49-9482-49B8-B6CA-63DB231E0160}"
	ProjectSection(ProjectDependencies) = postProject
		{620144CE-2D59-4951-B500-238E07941891} = {620144CE-2D59-4951-B500-238E07941891}
	EndProjectSection
EndProject
Global
	GlobalSection(SolutionConfigurationPlatforms) = preSolution
		Debug|Any CPU = Debug|Any CPU
		Release|Any CPU = Release|Any CPU
	EndGlobalSection
	GlobalSection(ProjectConfigurationPlatforms) = postSolution
		{620144CE-2D59-4951-B500-238E07941891}.Debug|Any CPU.ActiveCfg = Debug|Any CPU
		{620144CE-2D59-4951-B500-238E07941891}.Debug|Any CPU.Build.0 = Debug|Any CPU
		{620144CE-2D59-4951-B500-238E07941891}.Release|Any CPU.ActiveCfg = Release|Any CPU
		{620144CE-2D59-4951-B500-238E07941891}.Release|Any CPU.Build.0 = Release|Any CPU
		{6A71EC49-9482-49B8-B6CA-63DB231E0160}.Debug|Any CPU.ActiveCfg = Debug|Any CPU
		{6A71EC49-9482-49B8-B6CA-63DB231E0160}.Debug|Any CPU.Build.0 = Debug|Any CPU
		{6A71EC49-9482-49B8-B6CA-63DB231E0160}.Release|Any CPU.ActiveCfg = Release|Any CPU
		{6A71EC49-9482-49B8-B6CA-63DB231E0160}.Release|Any CPU.Build.0 = Release|Any CPU
	EndGlobalSection
	GlobalSection(SolutionProperties) = preSolution
		HideSolutionNode = FALSE
	EndGlobalSection
	GlobalSection(ExtensibilityGlobals) = postSolution
		SolutionGuid = {ABDE5E68-4258-44A4-99F2-07D3767670D5}
	EndGlobalSection
EndGlobal
